# THIS IS AN AUTOGENERATED FILE. DO NOT EDIT THIS FILE DIRECTLY.
# yarn lockfile v1


react-confetti@^6.4.0:
  version "6.4.0"
  resolved "https://registry.yarnpkg.com/react-confetti/-/react-confetti-6.4.0.tgz#e9416b5b3c8baf6f0bb1c5a8e1e3c89babd2c837"
  integrity sha512-5MdGUcqxrTU26I2EU7ltkWPwxvucQTuqMm8dUz72z2YMqTD6s9vMcDUysk7n9jnC+lXuCPeJJ7Knf98VEYE9Rg==
  dependencies:
    tween-functions "^1.2.0"

react-icons@^5.5.0:
  version "5.5.0"
  resolved "https://registry.yarnpkg.com/react-icons/-/react-icons-5.5.0.tgz#8aa25d3543ff84231685d3331164c00299cdfaf2"
  integrity sha512-MEFcXdkP3dLo8uumGI5xN3lDFNsRtrjbOEKDLD7yv76v4wpnEq2Lt2qeHaQOr34I/wPN3s3+N08WkQ+CW37Xiw==

tween-functions@^1.2.0:
  version "1.2.0"
  resolved "https://registry.yarnpkg.com/tween-functions/-/tween-functions-1.2.0.tgz#1ae3a50e7c60bb3def774eac707acbca73bbc3ff"
  integrity sha512-PZBtLYcCLtEcjL14Fzb1gSxPBeL7nWvGhO5ZFPGqziCcr8uvHp0NDmdjBchp6KHL+tExcg0m3NISmKxhU394dA==
